
Microsoft Visual Studio Solution File, Format Version 12.00
# Visual Studio Version 17
VisualStudioVersion = 17.4.33205.214
MinimumVisualStudioVersion = 10.0.40219.1
Project("{FAE04EC0-301F-11D3-BF4B-00C04F79EFBC}") = "Bank", "Bank\Bank.csproj", "{8CA0C5A8-8E2F-4883-B36C-DD3C9FF01CBD}"
EndProject
Project("{FAE04EC0-301F-11D3-BF4B-00C04F79EFBC}") = "BankTests", "BankTests\BankTests.csproj", "{07251AC5-8F0E-4BAF-B806-74E2D577E52D}"
EndProject
Global
	GlobalSection(SolutionConfigurationPlatforms) = preSolution
		Debug|Any CPU = Debug|Any CPU
		Release|Any CPU = Release|Any CPU
	EndGlobalSection
	GlobalSection(ProjectConfigurationPlatforms) = postSolution
		{8CA0C5A8-8E2F-4883-B36C-DD3C9FF01CBD}.Debug|Any CPU.ActiveCfg = Debug|Any CPU
		{8CA0C5A8-8E2F-4883-B36C-DD3C9FF01CBD}.Debug|Any CPU.Build.0 = Debug|Any CPU
		{8CA0C5A8-8E2F-4883-B36C-DD3C9FF01CBD}.Release|Any CPU.ActiveCfg = Release|Any CPU
		{8CA0C5A8-8E2F-4883-B36C-DD3C9FF01CBD}.Release|Any CPU.Build.0 = Release|Any CPU
		{07251AC5-8F0E-4BAF-B806-74E2D577E52D}.Debug|Any CPU.ActiveCfg = Debug|Any CPU
		{07251AC5-8F0E-4BAF-B806-74E2D577E52D}.Debug|Any CPU.Build.0 = Debug|Any CPU
		{07251AC5-8F0E-4BAF-B806-74E2D577E52D}.Release|Any CPU.ActiveCfg = Release|Any CPU
		{07251AC5-8F0E-4BAF-B806-74E2D577E52D}.Release|Any CPU.Build.0 = Release|Any CPU
	EndGlobalSection
	GlobalSection(SolutionProperties) = preSolution
		HideSolutionNode = FALSE
	EndGlobalSection
	GlobalSection(ExtensibilityGlobals) = postSolution
		SolutionGuid = {D9608A92-2B14-4C72-8272-AED9F4DDE7F4}
	EndGlobalSection
EndGlobal
